
Microsoft Visual Studio Solution File, Format Version 12.00
# Visual Studio 15
VisualStudioVersion = 15.0.27703.2035
MinimumVisualStudioVersion = 10.0.40219.1
Project("{8BC9CEB8-8B4A-11D0-8D11-00A0C91BC942}") = "rsc_example", "rsc_example\rsc_example.vcxproj", "{F696D007-A1C2-4491-B8C4-BF0D38E86E46}"
	ProjectSection(ProjectDependencies) = postProject
		{B52E4343-D1B2-4DD3-93EC-EFCECFC13999} = {B52E4343-D1B2-4DD3-93EC-EFCECFC13999}
	EndProjectSection
EndProject
Project("{8BC9CEB8-8B4A-11D0-8D11-00A0C91BC942}") = "rsc", "..\rsc\rsc\rsc.vcxproj", "{B52E4343-D1B2-4DD3-93EC-EFCECFC13999}"
EndProject
Global
	GlobalSection(SolutionConfigurationPlatforms) = preSolution
		Debug|x64 = Debug|x64
		Debug|x86 = Debug|x86
		Release|x64 = Release|x64
		Release|x86 = Release|x86
	EndGlobalSection
	GlobalSection(ProjectConfigurationPlatforms) = postSolution
		{F696D007-A1C2-4491-B8C4-BF0D38E86E46}.Debug|x64.ActiveCfg = Debug|x64
		{F696D007-A1C2-4491-B8C4-BF0D38E86E46}.Debug|x64.Build.0 = Debug|x64
		{F696D007-A1C2-4491-B8C4-BF0D38E86E46}.Debug|x86.ActiveCfg = Debug|Win32
		{F696D007-A1C2-4491-B8C4-BF0D38E86E46}.Debug|x86.Build.0 = Debug|Win32
		{F696D007-A1C2-4491-B8C4-BF0D38E86E46}.Release|x64.ActiveCfg = Release|x64
		{F696D007-A1C2-4491-B8C4-BF0D38E86E46}.Release|x64.Build.0 = Release|x64
		{F696D007-A1C2-4491-B8C4-BF0D38E86E46}.Release|x86.ActiveCfg = Release|Win32
		{F696D007-A1C2-4491-B8C4-BF0D38E86E46}.Release|x86.Build.0 = Release|Win32
		{B52E4343-D1B2-4DD3-93EC-EFCECFC13999}.Debug|x64.ActiveCfg = Debug|x64
		{B52E4343-D1B2-4DD3-93EC-EFCECFC13999}.Debug|x64.Build.0 = Debug|x64
		{B52E4343-D1B2-4DD3-93EC-EFCECFC13999}.Debug|x86.ActiveCfg = Debug|Win32
		{B52E4343-D1B2-4DD3-93EC-EFCECFC13999}.Debug|x86.Build.0 = Debug|Win32
		{B52E4343-D1B2-4DD3-93EC-EFCECFC13999}.Release|x64.ActiveCfg = Release|x64
		{B52E4343-D1B2-4DD3-93EC-EFCECFC13999}.Release|x64.Build.0 = Release|x64
		{B52E4343-D1B2-4DD3-93EC-EFCECFC13999}.Release|x86.ActiveCfg = Release|Win32
		{B52E4343-D1B2-4DD3-93EC-EFCECFC13999}.Release|x86.Build.0 = Release|Win32
	EndGlobalSection
	GlobalSection(SolutionProperties) = preSolution
		HideSolutionNode = FALSE
	EndGlobalSection
	GlobalSection(ExtensibilityGlobals) = postSolution
		SolutionGuid = {8C080CC2-E446-4E3F-B19D-A158B0FF393E}
	EndGlobalSection
EndGlobal
